
Microsoft Visual Studio Solution File, Format Version 12.00
# Visual Studio Version 16
VisualStudioVersion = 16.0.31205.134
MinimumVisualStudioVersion = 10.0.40219.1
Project("{FAE04EC0-301F-11D3-BF4B-00C04F79EFBC}") = "WebsiteRESTAPI", "WebsiteRESTAPI\WebsiteRESTAPI.csproj", "{20E66A3D-6932-471F-A1F1-77BF4B7EEBFD}"
EndProject
Global
	GlobalSection(SolutionConfigurationPlatforms) = preSolution
		Debug|Any CPU = Debug|Any CPU
		Release|Any CPU = Release|Any CPU
	EndGlobalSection
	GlobalSection(ProjectConfigurationPlatforms) = postSolution
		{20E66A3D-6932-471F-A1F1-77BF4B7EEBFD}.Debug|Any CPU.ActiveCfg = Debug|Any CPU
		{20E66A3D-6932-471F-A1F1-77BF4B7EEBFD}.Debug|Any CPU.Build.0 = Debug|Any CPU
		{20E66A3D-6932-471F-A1F1-77BF4B7EEBFD}.Release|Any CPU.ActiveCfg = Release|Any CPU
		{20E66A3D-6932-471F-A1F1-77BF4B7EEBFD}.Release|Any CPU.Build.0 = Release|Any CPU
	EndGlobalSection
	GlobalSection(SolutionProperties) = preSolution
		HideSolutionNode = FALSE
	EndGlobalSection
	GlobalSection(ExtensibilityGlobals) = postSolution
		SolutionGuid = {31169572-F1A7-4A87-AACC-EE947FD07549}
	EndGlobalSection
EndGlobal
